
Microsoft Visual Studio Solution File, Format Version 12.00
# Visual Studio Version 17
VisualStudioVersion = 17.7.34031.279
MinimumVisualStudioVersion = 10.0.40219.1
Project("{2150E333-8FDC-42A3-9474-1A3956D46DE8}") = "Task0", "Task0", "{5126DE4D-AF16-477B-AC75-6D3B4B231544}"
EndProject
Project("{FAE04EC0-301F-11D3-BF4B-00C04F79EFBC}") = "Tyuiu.KhasanovRV.Sprint4.Task0.V28", "Tyuiu.KhasanovRV.Sprint4.Task0.V28\Tyuiu.KhasanovRV.Sprint4.Task0.V28.csproj", "{056950E8-0172-4460-89C9-784A3059EB60}"
EndProject
Project("{FAE04EC0-301F-11D3-BF4B-00C04F79EFBC}") = "Tyuiu.KhasanovRV.Sprint4.Task0.V28.Lib", "Tyuiu.KhasanovRV.Sprint4.Task0.V28.Lib\Tyuiu.KhasanovRV.Sprint4.Task0.V28.Lib.csproj", "{1C95A677-E341-407D-9F60-B81086006AB7}"
EndProject
Project("{FAE04EC0-301F-11D3-BF4B-00C04F79EFBC}") = "Tyuiu.KhasanovRV.Sprint4.Task0.V28.Test", "Tyuiu.KhasanovRV.Sprint4.Task0.V28.Test\Tyuiu.KhasanovRV.Sprint4.Task0.V28.Test.csproj", "{4B994268-CA67-4914-B1DC-07C88392CBD3}"
EndProject
Project("{2150E333-8FDC-42A3-9474-1A3956D46DE8}") = "Task1", "Task1", "{A94CC79C-0ADE-4A4B-829F-1A77EE58B2A4}"
EndProject
Project("{FAE04EC0-301F-11D3-BF4B-00C04F79EFBC}") = "Tyuiu.KhasanovRV.Sprint4.Task1.V12", "Tyuiu.KhasanovRV.Sprint4.Task1.V12\Tyuiu.KhasanovRV.Sprint4.Task1.V12.csproj", "{193AE48A-22C2-4C0D-B9EF-2877F7EABC20}"
EndProject
Project("{FAE04EC0-301F-11D3-BF4B-00C04F79EFBC}") = "Tyuiu.KhasanovRV.Sprint4.Task1.V12.Lib", "Tyuiu.KhasanovRV.Sprint4.Task1.V12.Lib\Tyuiu.KhasanovRV.Sprint4.Task1.V12.Lib.csproj", "{A4374925-9FFB-497A-ABB0-56DD09F7C3AA}"
EndProject
Project("{FAE04EC0-301F-11D3-BF4B-00C04F79EFBC}") = "Tyuiu.KhasanovRV.Sprint4.Task1.V12.Test", "Tyuiu.KhasanovRV.Sprint4.Task1.V12.Test\Tyuiu.KhasanovRV.Sprint4.Task1.V12.Test.csproj", "{30D223E8-65EA-4FDB-BFEA-A412A5B92D58}"
EndProject
Project("{2150E333-8FDC-42A3-9474-1A3956D46DE8}") = "Task2", "Task2", "{AD92FB5B-754A-4DAA-9E9C-D2226D2AAF41}"
EndProject
Project("{FAE04EC0-301F-11D3-BF4B-00C04F79EFBC}") = "Tyuiu.KhasanovRV.Sprint4.Task2.V14", "Tyuiu.KhasanovRV.Sprint4.Task2.V14\Tyuiu.KhasanovRV.Sprint4.Task2.V14.csproj", "{7AF88F76-22B9-4399-BB45-2D7811CACE72}"
EndProject
Project("{FAE04EC0-301F-11D3-BF4B-00C04F79EFBC}") = "Tyuiu.KhasanovRV.Sprint4.Task2.V14.Lib", "Tyuiu.KhasanovRV.Sprint4.Task2.V14.Lib\Tyuiu.KhasanovRV.Sprint4.Task2.V14.Lib.csproj", "{B144E215-8FD8-4DF7-B7E8-598E4BE2234B}"
EndProject
Project("{FAE04EC0-301F-11D3-BF4B-00C04F79EFBC}") = "Tyuiu.KhasanovRV.Sprint4.Task2.V14.Test", "Tyuiu.KhasanovRV.Sprint4.Task2.V14.Test\Tyuiu.KhasanovRV.Sprint4.Task2.V14.Test.csproj", "{C446DED9-9B7A-42FA-A695-DAB331CD412C}"
EndProject
Project("{2150E333-8FDC-42A3-9474-1A3956D46DE8}") = "Task3", "Task3", "{24F5B60A-447A-4614-98B9-06A0D4A1FE39}"
EndProject
Project("{FAE04EC0-301F-11D3-BF4B-00C04F79EFBC}") = "Tyuiu.KhasanovRV.Sprint4.Task3.V30", "Tyuiu.KhasanovRV.Sprint4.Task3.V30\Tyuiu.KhasanovRV.Sprint4.Task3.V30.csproj", "{5B6E8E18-1DC6-4F5D-94F0-732F4828D885}"
EndProject
Project("{FAE04EC0-301F-11D3-BF4B-00C04F79EFBC}") = "Tyuiu.KhasanovRV.Sprint4.Task3.V30.Lib", "Tyuiu.KhasanovRV.Sprint4.Task3.V30.Lib\Tyuiu.KhasanovRV.Sprint4.Task3.V30.Lib.csproj", "{542B7F9D-2F84-47E1-A820-5E9652EAA6A5}"
EndProject
Project("{FAE04EC0-301F-11D3-BF4B-00C04F79EFBC}") = "Tyuiu.KhasanovRV.Sprint4.Task3.V30.Test", "Tyuiu.KhasanovRV.Sprint4.Task3.V30.Test\Tyuiu.KhasanovRV.Sprint4.Task3.V30.Test.csproj", "{DA8ECCF3-B3A8-4118-A626-D8D6C3F81D93}"
EndProject
Project("{2150E333-8FDC-42A3-9474-1A3956D46DE8}") = "Task4", "Task4", "{F26E615A-5EB6-44EF-A77F-B2234D1C441F}"
EndProject
Project("{FAE04EC0-301F-11D3-BF4B-00C04F79EFBC}") = "Tyuiu.KhasanovRV.Sprint4.Task4.V18", "Tyuiu.KhasanovRV.Sprint4.Task4.V18\Tyuiu.KhasanovRV.Sprint4.Task4.V18.csproj", "{2F12A4F0-EBB6-4BCA-AA0B-436E3548BD28}"
EndProject
Project("{FAE04EC0-301F-11D3-BF4B-00C04F79EFBC}") = "Tyuiu.KhasanovRV.Sprint4.Task4.V18.Lib", "Tyuiu.KhasanovRV.Sprint4.Task4.V18.Lib\Tyuiu.KhasanovRV.Sprint4.Task4.V18.Lib.csproj", "{EB6347B7-043E-47EC-B9D0-D47F9F163C5C}"
EndProject
Project("{FAE04EC0-301F-11D3-BF4B-00C04F79EFBC}") = "Tyuiu.KhasanovRV.Sprint4.Task4.V18.Test", "Tyuiu.KhasanovRV.Sprint4.Task4.V18.Test\Tyuiu.KhasanovRV.Sprint4.Task4.V18.Test.csproj", "{D82ACC1C-4122-4EB5-8D58-C01ADC6BB4DD}"
EndProject
Project("{2150E333-8FDC-42A3-9474-1A3956D46DE8}") = "Task5", "Task5", "{32157905-B95B-45CF-BE84-27F3BBEE81FE}"
EndProject
Project("{FAE04EC0-301F-11D3-BF4B-00C04F79EFBC}") = "Tyuiu.KhasanovRV.Sprint4.Task5.V4", "Tyuiu.KhasanovRV.Sprint4.Task5.V4\Tyuiu.KhasanovRV.Sprint4.Task5.V4.csproj", "{050E8AC3-E827-49F4-A1EA-A56534C571F2}"
EndProject
Project("{FAE04EC0-301F-11D3-BF4B-00C04F79EFBC}") = "Tyuiu.KhasanovRV.Sprint4.Task5.V4.Lib", "Tyuiu.KhasanovRV.Sprint4.Task5.V4.Lib\Tyuiu.KhasanovRV.Sprint4.Task5.V4.Lib.csproj", "{C7BC6977-FCBE-43CE-80E7-830A9B64A5E8}"
EndProject
Project("{FAE04EC0-301F-11D3-BF4B-00C04F79EFBC}") = "Tyuiu.KhasanovRV.Sprint4.Task5.V4.Test", "Tyuiu.KhasanovRV.Sprint4.Task5.V4.Test\Tyuiu.KhasanovRV.Sprint4.Task5.V4.Test.csproj", "{FC9E9402-9777-4A6E-A6E4-36C90C405194}"
EndProject
Project("{2150E333-8FDC-42A3-9474-1A3956D46DE8}") = "Task6", "Task6", "{A888DCCF-4E27-425C-BCE0-7F9B6F34D4E0}"
EndProject
Project("{FAE04EC0-301F-11D3-BF4B-00C04F79EFBC}") = "Tyuiu.KhasanovRV.Sprint4.Task6.V6", "Tyuiu.KhasanovRV.Sprint4.Task6.V6\Tyuiu.KhasanovRV.Sprint4.Task6.V6.csproj", "{6BF4BC06-9D51-430F-B68F-E81C79D69008}"
EndProject
Project("{FAE04EC0-301F-11D3-BF4B-00C04F79EFBC}") = "Tyuiu.KhasanovRV.Sprint4.Task6.V6.Lib", "Tyuiu.KhasanovRV.Sprint4.Task6.V6.Lib\Tyuiu.KhasanovRV.Sprint4.Task6.V6.Lib.csproj", "{80823102-4AE9-4B5A-8D9C-D66B9347573D}"
EndProject
Project("{FAE04EC0-301F-11D3-BF4B-00C04F79EFBC}") = "Tyuiu.KhasanovRV.Sprint4.Task6.V6.Test", "Tyuiu.KhasanovRV.Sprint4.Task6.V6.Test\Tyuiu.KhasanovRV.Sprint4.Task6.V6.Test.csproj", "{07025FDA-2049-4D56-80B6-D91C2604F72B}"
EndProject
Global
	GlobalSection(SolutionConfigurationPlatforms) = preSolution
		Debug|Any CPU = Debug|Any CPU
		Release|Any CPU = Release|Any CPU
	EndGlobalSection
	GlobalSection(ProjectConfigurationPlatforms) = postSolution
		{056950E8-0172-4460-89C9-784A3059EB60}.Debug|Any CPU.ActiveCfg = Debug|Any CPU
		{056950E8-0172-4460-89C9-784A3059EB60}.Debug|Any CPU.Build.0 = Debug|Any CPU
		{056950E8-0172-4460-89C9-784A3059EB60}.Release|Any CPU.ActiveCfg = Release|Any CPU
		{056950E8-0172-4460-89C9-784A3059EB60}.Release|Any CPU.Build.0 = Release|Any CPU
		{1C95A677-E341-407D-9F60-B81086006AB7}.Debug|Any CPU.ActiveCfg = Debug|Any CPU
		{1C95A677-E341-407D-9F60-B81086006AB7}.Debug|Any CPU.Build.0 = Debug|Any CPU
		{1C95A677-E341-407D-9F60-B81086006AB7}.Release|Any CPU.ActiveCfg = Release|Any CPU
		{1C95A677-E341-407D-9F60-B81086006AB7}.Release|Any CPU.Build.0 = Release|Any CPU
		{4B994268-CA67-4914-B1DC-07C88392CBD3}.Debug|Any CPU.ActiveCfg = Debug|Any CPU
		{4B994268-CA67-4914-B1DC-07C88392CBD3}.Debug|Any CPU.Build.0 = Debug|Any CPU
		{4B994268-CA67-4914-B1DC-07C88392CBD3}.Release|Any CPU.ActiveCfg = Release|Any CPU
		{4B994268-CA67-4914-B1DC-07C88392CBD3}.Release|Any CPU.Build.0 = Release|Any CPU
		{193AE48A-22C2-4C0D-B9EF-2877F7EABC20}.Debug|Any CPU.ActiveCfg = Debug|Any CPU
		{193AE48A-22C2-4C0D-B9EF-2877F7EABC20}.Debug|Any CPU.Build.0 = Debug|Any CPU
		{193AE48A-22C2-4C0D-B9EF-2877F7EABC20}.Release|Any CPU.ActiveCfg = Release|Any CPU
		{193AE48A-22C2-4C0D-B9EF-2877F7EABC20}.Release|Any CPU.Build.0 = Release|Any CPU
		{A4374925-9FFB-497A-ABB0-56DD09F7C3AA}.Debug|Any CPU.ActiveCfg = Debug|Any CPU
		{A4374925-9FFB-497A-ABB0-56DD09F7C3AA}.Debug|Any CPU.Build.0 = Debug|Any CPU
		{A4374925-9FFB-497A-ABB0-56DD09F7C3AA}.Release|Any CPU.ActiveCfg = Release|Any CPU
		{A4374925-9FFB-497A-ABB0-56DD09F7C3AA}.Release|Any CPU.Build.0 = Release|Any CPU
		{30D223E8-65EA-4FDB-BFEA-A412A5B92D58}.Debug|Any CPU.ActiveCfg = Debug|Any CPU
		{30D223E8-65EA-4FDB-BFEA-A412A5B92D58}.Debug|Any CPU.Build.0 = Debug|Any CPU
		{30D223E8-65EA-4FDB-BFEA-A412A5B92D58}.Release|Any CPU.ActiveCfg = Release|Any CPU
		{30D223E8-65EA-4FDB-BFEA-A412A5B92D58}.Release|Any CPU.Build.0 = Release|Any CPU
		{7AF88F76-22B9-4399-BB45-2D7811CACE72}.Debug|Any CPU.ActiveCfg = Debug|Any CPU
		{7AF88F76-22B9-4399-BB45-2D7811CACE72}.Debug|Any CPU.Build.0 = Debug|Any CPU
		{7AF88F76-22B9-4399-BB45-2D7811CACE72}.Release|Any CPU.ActiveCfg = Release|Any CPU
		{7AF88F76-22B9-4399-BB45-2D7811CACE72}.Release|Any CPU.Build.0 = Release|Any CPU
		{B144E215-8FD8-4DF7-B7E8-598E4BE2234B}.Debug|Any CPU.ActiveCfg = Debug|Any CPU
		{B144E215-8FD8-4DF7-B7E8-598E4BE2234B}.Debug|Any CPU.Build.0 = Debug|Any CPU
		{B144E215-8FD8-4DF7-B7E8-598E4BE2234B}.Release|Any CPU.ActiveCfg = Release|Any CPU
		{B144E215-8FD8-4DF7-B7E8-598E4BE2234B}.Release|Any CPU.Build.0 = Release|Any CPU
		{C446DED9-9B7A-42FA-A695-DAB331CD412C}.Debug|Any CPU.ActiveCfg = Debug|Any CPU
		{C446DED9-9B7A-42FA-A695-DAB331CD412C}.Debug|Any CPU.Build.0 = Debug|Any CPU
		{C446DED9-9B7A-42FA-A695-DAB331CD412C}.Release|Any CPU.ActiveCfg = Release|Any CPU
		{C446DED9-9B7A-42FA-A695-DAB331CD412C}.Release|Any CPU.Build.0 = Release|Any CPU
		{5B6E8E18-1DC6-4F5D-94F0-732F4828D885}.Debug|Any CPU.ActiveCfg = Debug|Any CPU
		{5B6E8E18-1DC6-4F5D-94F0-732F4828D885}.Debug|Any CPU.Build.0 = Debug|Any CPU
		{5B6E8E18-1DC6-4F5D-94F0-732F4828D885}.Release|Any CPU.ActiveCfg = Release|Any CPU
		{5B6E8E18-1DC6-4F5D-94F0-732F4828D885}.Release|Any CPU.Build.0 = Release|Any CPU
		{542B7F9D-2F84-47E1-A820-5E9652EAA6A5}.Debug|Any CPU.ActiveCfg = Debug|Any CPU
		{542B7F9D-2F84-47E1-A820-5E9652EAA6A5}.Debug|Any CPU.Build.0 = Debug|Any CPU
		{542B7F9D-2F84-47E1-A820-5E9652EAA6A5}.Release|Any CPU.ActiveCfg = Release|Any CPU
		{542B7F9D-2F84-47E1-A820-5E9652EAA6A5}.Release|Any CPU.Build.0 = Release|Any CPU
		{DA8ECCF3-B3A8-4118-A626-D8D6C3F81D93}.Debug|Any CPU.ActiveCfg = Debug|Any CPU
		{DA8ECCF3-B3A8-4118-A626-D8D6C3F81D93}.Debug|Any CPU.Build.0 = Debug|Any CPU
		{DA8ECCF3-B3A8-4118-A626-D8D6C3F81D93}.Release|Any CPU.ActiveCfg = Release|Any CPU
		{DA8ECCF3-B3A8-4118-A626-D8D6C3F81D93}.Release|Any CPU.Build.0 = Release|Any CPU
		{2F12A4F0-EBB6-4BCA-AA0B-436E3548BD28}.Debug|Any CPU.ActiveCfg = Debug|Any CPU
		{2F12A4F0-EBB6-4BCA-AA0B-436E3548BD28}.Debug|Any CPU.Build.0 = Debug|Any CPU
		{2F12A4F0-EBB6-4BCA-AA0B-436E3548BD28}.Release|Any CPU.ActiveCfg = Release|Any CPU
		{2F12A4F0-EBB6-4BCA-AA0B-436E3548BD28}.Release|Any CPU.Build.0 = Release|Any CPU
		{EB6347B7-043E-47EC-B9D0-D47F9F163C5C}.Debug|Any CPU.ActiveCfg = Debug|Any CPU
		{EB6347B7-043E-47EC-B9D0-D47F9F163C5C}.Debug|Any CPU.Build.0 = Debug|Any CPU
		{EB6347B7-043E-47EC-B9D0-D47F9F163C5C}.Release|Any CPU.ActiveCfg = Release|Any CPU
		{EB6347B7-043E-47EC-B9D0-D47F9F163C5C}.Release|Any CPU.Build.0 = Release|Any CPU
		{D82ACC1C-4122-4EB5-8D58-C01ADC6BB4DD}.Debug|Any CPU.ActiveCfg = Debug|Any CPU
		{D82ACC1C-4122-4EB5-8D58-C01ADC6BB4DD}.Debug|Any CPU.Build.0 = Debug|Any CPU
		{D82ACC1C-4122-4EB5-8D58-C01ADC6BB4DD}.Release|Any CPU.ActiveCfg = Release|Any CPU
		{D82ACC1C-4122-4EB5-8D58-C01ADC6BB4DD}.Release|Any CPU.Build.0 = Release|Any CPU
		{050E8AC3-E827-49F4-A1EA-A56534C571F2}.Debug|Any CPU.ActiveCfg = Debug|Any CPU
		{050E8AC3-E827-49F4-A1EA-A56534C571F2}.Debug|Any CPU.Build.0 = Debug|Any CPU
		{050E8AC3-E827-49F4-A1EA-A56534C571F2}.Release|Any CPU.ActiveCfg = Release|Any CPU
		{050E8AC3-E827-49F4-A1EA-A56534C571F2}.Release|Any CPU.Build.0 = Release|Any CPU
		{C7BC6977-FCBE-43CE-80E7-830A9B64A5E8}.Debug|Any CPU.ActiveCfg = Debug|Any CPU
		{C7BC6977-FCBE-43CE-80E7-830A9B64A5E8}.Debug|Any CPU.Build.0 = Debug|Any CPU
		{C7BC6977-FCBE-43CE-80E7-830A9B64A5E8}.Release|Any CPU.ActiveCfg = Release|Any CPU
		{C7BC6977-FCBE-43CE-80E7-830A9B64A5E8}.Release|Any CPU.Build.0 = Release|Any CPU
		{FC9E9402-9777-4A6E-A6E4-36C90C405194}.Debug|Any CPU.ActiveCfg = Debug|Any CPU
		{FC9E9402-9777-4A6E-A6E4-36C90C405194}.Debug|Any CPU.Build.0 = Debug|Any CPU
		{FC9E9402-9777-4A6E-A6E4-36C90C405194}.Release|Any CPU.ActiveCfg = Release|Any CPU
		{FC9E9402-9777-4A6E-A6E4-36C90C405194}.Release|Any CPU.Build.0 = Release|Any CPU
		{6BF4BC06-9D51-430F-B68F-E81C79D69008}.Debug|Any CPU.ActiveCfg = Debug|Any CPU
		{6BF4BC06-9D51-430F-B68F-E81C79D69008}.Debug|Any CPU.Build.0 = Debug|Any CPU
		{6BF4BC06-9D51-430F-B68F-E81C79D69008}.Release|Any CPU.ActiveCfg = Release|Any CPU
		{6BF4BC06-9D51-430F-B68F-E81C79D69008}.Release|Any CPU.Build.0 = Release|Any CPU
		{80823102-4AE9-4B5A-8D9C-D66B9347573D}.Debug|Any CPU.ActiveCfg = Debug|Any CPU
		{80823102-4AE9-4B5A-8D9C-D66B9347573D}.Debug|Any CPU.Build.0 = Debug|Any CPU
		{80823102-4AE9-4B5A-8D9C-D66B9347573D}.Release|Any CPU.ActiveCfg = Release|Any CPU
		{80823102-4AE9-4B5A-8D9C-D66B9347573D}.Release|Any CPU.Build.0 = Release|Any CPU
		{07025FDA-2049-4D56-80B6-D91C2604F72B}.Debug|Any CPU.ActiveCfg = Debug|Any CPU
		{07025FDA-2049-4D56-80B6-D91C2604F72B}.Debug|Any CPU.Build.0 = Debug|Any CPU
		{07025FDA-2049-4D56-80B6-D91C2604F72B}.Release|Any CPU.ActiveCfg = Release|Any CPU
		{07025FDA-2049-4D56-80B6-D91C2604F72B}.Release|Any CPU.Build.0 = Release|Any CPU
	EndGlobalSection
	GlobalSection(SolutionProperties) = preSolution
		HideSolutionNode = FALSE
	EndGlobalSection
	GlobalSection(NestedProjects) = preSolution
		{056950E8-0172-4460-89C9-784A3059EB60} = {5126DE4D-AF16-477B-AC75-6D3B4B231544}
		{1C95A677-E341-407D-9F60-B81086006AB7} = {5126DE4D-AF16-477B-AC75-6D3B4B231544}
		{4B994268-CA67-4914-B1DC-07C88392CBD3} = {5126DE4D-AF16-477B-AC75-6D3B4B231544}
		{193AE48A-22C2-4C0D-B9EF-2877F7EABC20} = {A94CC79C-0ADE-4A4B-829F-1A77EE58B2A4}
		{A4374925-9FFB-497A-ABB0-56DD09F7C3AA} = {A94CC79C-0ADE-4A4B-829F-1A77EE58B2A4}
		{30D223E8-65EA-4FDB-BFEA-A412A5B92D58} = {A94CC79C-0ADE-4A4B-829F-1A77EE58B2A4}
		{7AF88F76-22B9-4399-BB45-2D7811CACE72} = {AD92FB5B-754A-4DAA-9E9C-D2226D2AAF41}
		{B144E215-8FD8-4DF7-B7E8-598E4BE2234B} = {AD92FB5B-754A-4DAA-9E9C-D2226D2AAF41}
		{C446DED9-9B7A-42FA-A695-DAB331CD412C} = {AD92FB5B-754A-4DAA-9E9C-D2226D2AAF41}
		{5B6E8E18-1DC6-4F5D-94F0-732F4828D885} = {24F5B60A-447A-4614-98B9-06A0D4A1FE39}
		{542B7F9D-2F84-47E1-A820-5E9652EAA6A5} = {24F5B60A-447A-4614-98B9-06A0D4A1FE39}
		{DA8ECCF3-B3A8-4118-A626-D8D6C3F81D93} = {24F5B60A-447A-4614-98B9-06A0D4A1FE39}
		{2F12A4F0-EBB6-4BCA-AA0B-436E3548BD28} = {F26E615A-5EB6-44EF-A77F-B2234D1C441F}
		{EB6347B7-043E-47EC-B9D0-D47F9F163C5C} = {F26E615A-5EB6-44EF-A77F-B2234D1C441F}
		{D82ACC1C-4122-4EB5-8D58-C01ADC6BB4DD} = {F26E615A-5EB6-44EF-A77F-B2234D1C441F}
		{050E8AC3-E827-49F4-A1EA-A56534C571F2} = {32157905-B95B-45CF-BE84-27F3BBEE81FE}
		{C7BC6977-FCBE-43CE-80E7-830A9B64A5E8} = {32157905-B95B-45CF-BE84-27F3BBEE81FE}
		{FC9E9402-9777-4A6E-A6E4-36C90C405194} = {32157905-B95B-45CF-BE84-27F3BBEE81FE}
		{6BF4BC06-9D51-430F-B68F-E81C79D69008} = {A888DCCF-4E27-425C-BCE0-7F9B6F34D4E0}
		{80823102-4AE9-4B5A-8D9C-D66B9347573D} = {A888DCCF-4E27-425C-BCE0-7F9B6F34D4E0}
		{07025FDA-2049-4D56-80B6-D91C2604F72B} = {A888DCCF-4E27-425C-BCE0-7F9B6F34D4E0}
	EndGlobalSection
	GlobalSection(ExtensibilityGlobals) = postSolution
		SolutionGuid = {5CD287F2-A158-4544-86A6-CF69638DC816}
	EndGlobalSection
EndGlobal
