
Microsoft Visual Studio Solution File, Format Version 12.00
# Visual Studio Version 17
VisualStudioVersion = 17.7.34031.279
MinimumVisualStudioVersion = 10.0.40219.1
Project("{2150E333-8FDC-42A3-9474-1A3956D46DE8}") = "Task0", "Task0", "{5126DE4D-AF16-477B-AC75-6D3B4B231544}"
EndProject
Project("{FAE04EC0-301F-11D3-BF4B-00C04F79EFBC}") = "Tyuiu.KhasanovRV.Sprint4.Task0.V28", "Tyuiu.KhasanovRV.Sprint4.Task0.V28\Tyuiu.KhasanovRV.Sprint4.Task0.V28.csproj", "{056950E8-0172-4460-89C9-784A3059EB60}"
EndProject
Project("{FAE04EC0-301F-11D3-BF4B-00C04F79EFBC}") = "Tyuiu.KhasanovRV.Sprint4.Task0.V28.Lib", "Tyuiu.KhasanovRV.Sprint4.Task0.V28.Lib\Tyuiu.KhasanovRV.Sprint4.Task0.V28.Lib.csproj", "{1C95A677-E341-407D-9F60-B81086006AB7}"
EndProject
Project("{FAE04EC0-301F-11D3-BF4B-00C04F79EFBC}") = "Tyuiu.KhasanovRV.Sprint4.Task0.V28.Test", "Tyuiu.KhasanovRV.Sprint4.Task0.V28.Test\Tyuiu.KhasanovRV.Sprint4.Task0.V28.Test.csproj", "{4B994268-CA67-4914-B1DC-07C88392CBD3}"
EndProject
Project("{2150E333-8FDC-42A3-9474-1A3956D46DE8}") = "Task1", "Task1", "{A94CC79C-0ADE-4A4B-829F-1A77EE58B2A4}"
EndProject
Project("{FAE04EC0-301F-11D3-BF4B-00C04F79EFBC}") = "Tyuiu.KhasanovRV.Sprint4.Task1.V12", "Tyuiu.KhasanovRV.Sprint4.Task1.V12\Tyuiu.KhasanovRV.Sprint4.Task1.V12.csproj", "{193AE48A-22C2-4C0D-B9EF-2877F7EABC20}"
EndProject
Project("{FAE04EC0-301F-11D3-BF4B-00C04F79EFBC}") = "Tyuiu.KhasanovRV.Sprint4.Task1.V12.Lib", "Tyuiu.KhasanovRV.Sprint4.Task1.V12.Lib\Tyuiu.KhasanovRV.Sprint4.Task1.V12.Lib.csproj", "{A4374925-9FFB-497A-ABB0-56DD09F7C3AA}"
EndProject
Project("{FAE04EC0-301F-11D3-BF4B-00C04F79EFBC}") = "Tyuiu.KhasanovRV.Sprint4.Task1.V12.Test", "Tyuiu.KhasanovRV.Sprint4.Task1.V12.Test\Tyuiu.KhasanovRV.Sprint4.Task1.V12.Test.csproj", "{30D223E8-65EA-4FDB-BFEA-A412A5B92D58}"
EndProject
Global
	GlobalSection(SolutionConfigurationPlatforms) = preSolution
		Debug|Any CPU = Debug|Any CPU
		Release|Any CPU = Release|Any CPU
	EndGlobalSection
	GlobalSection(ProjectConfigurationPlatforms) = postSolution
		{056950E8-0172-4460-89C9-784A3059EB60}.Debug|Any CPU.ActiveCfg = Debug|Any CPU
		{056950E8-0172-4460-89C9-784A3059EB60}.Debug|Any CPU.Build.0 = Debug|Any CPU
		{056950E8-0172-4460-89C9-784A3059EB60}.Release|Any CPU.ActiveCfg = Release|Any CPU
		{056950E8-0172-4460-89C9-784A3059EB60}.Release|Any CPU.Build.0 = Release|Any CPU
		{1C95A677-E341-407D-9F60-B81086006AB7}.Debug|Any CPU.ActiveCfg = Debug|Any CPU
		{1C95A677-E341-407D-9F60-B81086006AB7}.Debug|Any CPU.Build.0 = Debug|Any CPU
		{1C95A677-E341-407D-9F60-B81086006AB7}.Release|Any CPU.ActiveCfg = Release|Any CPU
		{1C95A677-E341-407D-9F60-B81086006AB7}.Release|Any CPU.Build.0 = Release|Any CPU
		{4B994268-CA67-4914-B1DC-07C88392CBD3}.Debug|Any CPU.ActiveCfg = Debug|Any CPU
		{4B994268-CA67-4914-B1DC-07C88392CBD3}.Debug|Any CPU.Build.0 = Debug|Any CPU
		{4B994268-CA67-4914-B1DC-07C88392CBD3}.Release|Any CPU.ActiveCfg = Release|Any CPU
		{4B994268-CA67-4914-B1DC-07C88392CBD3}.Release|Any CPU.Build.0 = Release|Any CPU
		{193AE48A-22C2-4C0D-B9EF-2877F7EABC20}.Debug|Any CPU.ActiveCfg = Debug|Any CPU
		{193AE48A-22C2-4C0D-B9EF-2877F7EABC20}.Debug|Any CPU.Build.0 = Debug|Any CPU
		{193AE48A-22C2-4C0D-B9EF-2877F7EABC20}.Release|Any CPU.ActiveCfg = Release|Any CPU
		{193AE48A-22C2-4C0D-B9EF-2877F7EABC20}.Release|Any CPU.Build.0 = Release|Any CPU
		{A4374925-9FFB-497A-ABB0-56DD09F7C3AA}.Debug|Any CPU.ActiveCfg = Debug|Any CPU
		{A4374925-9FFB-497A-ABB0-56DD09F7C3AA}.Debug|Any CPU.Build.0 = Debug|Any CPU
		{A4374925-9FFB-497A-ABB0-56DD09F7C3AA}.Release|Any CPU.ActiveCfg = Release|Any CPU
		{A4374925-9FFB-497A-ABB0-56DD09F7C3AA}.Release|Any CPU.Build.0 = Release|Any CPU
		{30D223E8-65EA-4FDB-BFEA-A412A5B92D58}.Debug|Any CPU.ActiveCfg = Debug|Any CPU
		{30D223E8-65EA-4FDB-BFEA-A412A5B92D58}.Debug|Any CPU.Build.0 = Debug|Any CPU
		{30D223E8-65EA-4FDB-BFEA-A412A5B92D58}.Release|Any CPU.ActiveCfg = Release|Any CPU
		{30D223E8-65EA-4FDB-BFEA-A412A5B92D58}.Release|Any CPU.Build.0 = Release|Any CPU
	EndGlobalSection
	GlobalSection(SolutionProperties) = preSolution
		HideSolutionNode = FALSE
	EndGlobalSection
	GlobalSection(NestedProjects) = preSolution
		{056950E8-0172-4460-89C9-784A3059EB60} = {5126DE4D-AF16-477B-AC75-6D3B4B231544}
		{1C95A677-E341-407D-9F60-B81086006AB7} = {5126DE4D-AF16-477B-AC75-6D3B4B231544}
		{4B994268-CA67-4914-B1DC-07C88392CBD3} = {5126DE4D-AF16-477B-AC75-6D3B4B231544}
		{193AE48A-22C2-4C0D-B9EF-2877F7EABC20} = {A94CC79C-0ADE-4A4B-829F-1A77EE58B2A4}
		{A4374925-9FFB-497A-ABB0-56DD09F7C3AA} = {A94CC79C-0ADE-4A4B-829F-1A77EE58B2A4}
		{30D223E8-65EA-4FDB-BFEA-A412A5B92D58} = {A94CC79C-0ADE-4A4B-829F-1A77EE58B2A4}
	EndGlobalSection
	GlobalSection(ExtensibilityGlobals) = postSolution
		SolutionGuid = {5CD287F2-A158-4544-86A6-CF69638DC816}
	EndGlobalSection
EndGlobal
